
Microsoft Visual Studio Solution File, Format Version 12.00
Project("{FAE04EC0-301F-11D3-BF4B-00C04F79EFBC}") = "RapidPayApi", "RapidPayApi\RapidPayApi.csproj", "{6351248D-48A4-49E5-99EC-7079E8A91EE0}"
EndProject
Global
	GlobalSection(SolutionConfigurationPlatforms) = preSolution
		Debug|Any CPU = Debug|Any CPU
		Release|Any CPU = Release|Any CPU
	EndGlobalSection
	GlobalSection(ProjectConfigurationPlatforms) = postSolution
		{6351248D-48A4-49E5-99EC-7079E8A91EE0}.Debug|Any CPU.ActiveCfg = Debug|Any CPU
		{6351248D-48A4-49E5-99EC-7079E8A91EE0}.Debug|Any CPU.Build.0 = Debug|Any CPU
		{6351248D-48A4-49E5-99EC-7079E8A91EE0}.Release|Any CPU.ActiveCfg = Release|Any CPU
		{6351248D-48A4-49E5-99EC-7079E8A91EE0}.Release|Any CPU.Build.0 = Release|Any CPU
	EndGlobalSection
EndGlobal
